
Microsoft Visual Studio Solution File, Format Version 12.00
# Visual Studio Version 17
VisualStudioVersion = 17.3.32929.385
MinimumVisualStudioVersion = 10.0.40219.1
Project("{FAE04EC0-301F-11D3-BF4B-00C04F79EFBC}") = "ConsoleApp1", "ConsoleApp1\ConsoleApp1.csproj", "{16DE22BE-42F2-4C88-986E-722FA846797D}"
EndProject
Project("{FAE04EC0-301F-11D3-BF4B-00C04F79EFBC}") = "TestProject", "TestProject\TestProject.csproj", "{17250A47-E019-4807-A58E-3D4D710CB070}"
EndProject
Global
	GlobalSection(SolutionConfigurationPlatforms) = preSolution
		Debug|Any CPU = Debug|Any CPU
		Release|Any CPU = Release|Any CPU
	EndGlobalSection
	GlobalSection(ProjectConfigurationPlatforms) = postSolution
		{16DE22BE-42F2-4C88-986E-722FA846797D}.Debug|Any CPU.ActiveCfg = Debug|Any CPU
		{16DE22BE-42F2-4C88-986E-722FA846797D}.Debug|Any CPU.Build.0 = Debug|Any CPU
		{16DE22BE-42F2-4C88-986E-722FA846797D}.Release|Any CPU.ActiveCfg = Release|Any CPU
		{16DE22BE-42F2-4C88-986E-722FA846797D}.Release|Any CPU.Build.0 = Release|Any CPU
		{17250A47-E019-4807-A58E-3D4D710CB070}.Debug|Any CPU.ActiveCfg = Debug|Any CPU
		{17250A47-E019-4807-A58E-3D4D710CB070}.Debug|Any CPU.Build.0 = Debug|Any CPU
		{17250A47-E019-4807-A58E-3D4D710CB070}.Release|Any CPU.ActiveCfg = Release|Any CPU
		{17250A47-E019-4807-A58E-3D4D710CB070}.Release|Any CPU.Build.0 = Release|Any CPU
	EndGlobalSection
	GlobalSection(SolutionProperties) = preSolution
		HideSolutionNode = FALSE
	EndGlobalSection
	GlobalSection(ExtensibilityGlobals) = postSolution
		SolutionGuid = {EC03DCA5-5DA7-41A2-ABD2-4C5C05108B2C}
	EndGlobalSection
EndGlobal
